
Microsoft Visual Studio Solution File, Format Version 12.00
# Visual Studio Version 17
VisualStudioVersion = 17.13.35818.85 d17.13
MinimumVisualStudioVersion = 10.0.40219.1
Project("{FAE04EC0-301F-11D3-BF4B-00C04F79EFBC}") = "SpotifyTask", "SpotifyTask\SpotifyTask.csproj", "{1FCB4A35-C704-4EBB-B6F0-FCD23A9DA4CB}"
EndProject
Global
	GlobalSection(SolutionConfigurationPlatforms) = preSolution
		Debug|Any CPU = Debug|Any CPU
		Release|Any CPU = Release|Any CPU
	EndGlobalSection
	GlobalSection(ProjectConfigurationPlatforms) = postSolution
		{1FCB4A35-C704-4EBB-B6F0-FCD23A9DA4CB}.Debug|Any CPU.ActiveCfg = Debug|Any CPU
		{1FCB4A35-C704-4EBB-B6F0-FCD23A9DA4CB}.Debug|Any CPU.Build.0 = Debug|Any CPU
		{1FCB4A35-C704-4EBB-B6F0-FCD23A9DA4CB}.Release|Any CPU.ActiveCfg = Release|Any CPU
		{1FCB4A35-C704-4EBB-B6F0-FCD23A9DA4CB}.Release|Any CPU.Build.0 = Release|Any CPU
	EndGlobalSection
	GlobalSection(SolutionProperties) = preSolution
		HideSolutionNode = FALSE
	EndGlobalSection
	GlobalSection(ExtensibilityGlobals) = postSolution
		SolutionGuid = {1FC5F087-2CD9-43C6-A089-0FC521F7E642}
	EndGlobalSection
EndGlobal
